
Microsoft Visual Studio Solution File, Format Version 12.00
# Visual Studio Version 17
VisualStudioVersion = 17.9.34622.214
MinimumVisualStudioVersion = 10.0.40219.1
Project("{FAE04EC0-301F-11D3-BF4B-00C04F79EFBC}") = "ruasolidariav2", "ruasolidariav2\ruasolidariav2.csproj", "{ACE54A9F-57F0-4364-93A9-926DA7394753}"
EndProject
Global
	GlobalSection(SolutionConfigurationPlatforms) = preSolution
		Debug|Any CPU = Debug|Any CPU
		Release|Any CPU = Release|Any CPU
	EndGlobalSection
	GlobalSection(ProjectConfigurationPlatforms) = postSolution
		{ACE54A9F-57F0-4364-93A9-926DA7394753}.Debug|Any CPU.ActiveCfg = Debug|Any CPU
		{ACE54A9F-57F0-4364-93A9-926DA7394753}.Debug|Any CPU.Build.0 = Debug|Any CPU
		{ACE54A9F-57F0-4364-93A9-926DA7394753}.Release|Any CPU.ActiveCfg = Release|Any CPU
		{ACE54A9F-57F0-4364-93A9-926DA7394753}.Release|Any CPU.Build.0 = Release|Any CPU
	EndGlobalSection
	GlobalSection(SolutionProperties) = preSolution
		HideSolutionNode = FALSE
	EndGlobalSection
	GlobalSection(ExtensibilityGlobals) = postSolution
		SolutionGuid = {2274A381-B337-4E20-9424-0BEE29F52FB4}
	EndGlobalSection
EndGlobal
